{
  "name": "@yadou/yalog",
  "version": "1.0.1",
  "lockfileVersion": 1,
  "requires": true,
  "dependencies": {
    "@types/node": {
      "version": "13.7.6",
      "resolved": "http://npm.local.com:80/@types%2fnode/-/node-13.7.6.tgz",
      "integrity": "sha1-y3NKfBkUcq5qKzpQK03//OqXQRM="
    }
  }
}
